
Microsoft Visual Studio Solution File, Format Version 12.00
# Visual Studio Version 17
VisualStudioVersion = 17.0.31903.59
MinimumVisualStudioVersion = 10.0.40219.1
Project("{FAE04EC0-301F-11D3-BF4B-00C04F79EFBC}") = "DepartmentService", "DepartmentService\DepartmentService.csproj", "{31CCE382-045D-4993-9196-42E51D8D8DF0}"
EndProject
Project("{FAE04EC0-301F-11D3-BF4B-00C04F79EFBC}") = "EmployeeService", "EmployeeService\EmployeeService.csproj", "{4F006649-50F2-4111-B9B4-E8513A3810F1}"
EndProject
Project("{FAE04EC0-301F-11D3-BF4B-00C04F79EFBC}") = "ProjectService", "ProjectService\ProjectService.csproj", "{67689AC0-E884-4EDC-9F99-4BF262561E41}"
EndProject
Project("{FAE04EC0-301F-11D3-BF4B-00C04F79EFBC}") = "ApiGateway", "ApiGateway\ApiGateway.csproj", "{B7EDCA6F-54F0-4C56-844D-5685D1FCB49B}"
EndProject
Global
	GlobalSection(SolutionConfigurationPlatforms) = preSolution
		Debug|Any CPU = Debug|Any CPU
		Debug|x64 = Debug|x64
		Debug|x86 = Debug|x86
		Release|Any CPU = Release|Any CPU
		Release|x64 = Release|x64
		Release|x86 = Release|x86
	EndGlobalSection
	GlobalSection(ProjectConfigurationPlatforms) = postSolution
		{31CCE382-045D-4993-9196-42E51D8D8DF0}.Debug|Any CPU.ActiveCfg = Debug|Any CPU
		{31CCE382-045D-4993-9196-42E51D8D8DF0}.Debug|Any CPU.Build.0 = Debug|Any CPU
		{31CCE382-045D-4993-9196-42E51D8D8DF0}.Debug|x64.ActiveCfg = Debug|Any CPU
		{31CCE382-045D-4993-9196-42E51D8D8DF0}.Debug|x64.Build.0 = Debug|Any CPU
		{31CCE382-045D-4993-9196-42E51D8D8DF0}.Debug|x86.ActiveCfg = Debug|Any CPU
		{31CCE382-045D-4993-9196-42E51D8D8DF0}.Debug|x86.Build.0 = Debug|Any CPU
		{31CCE382-045D-4993-9196-42E51D8D8DF0}.Release|Any CPU.ActiveCfg = Release|Any CPU
		{31CCE382-045D-4993-9196-42E51D8D8DF0}.Release|Any CPU.Build.0 = Release|Any CPU
		{31CCE382-045D-4993-9196-42E51D8D8DF0}.Release|x64.ActiveCfg = Release|Any CPU
		{31CCE382-045D-4993-9196-42E51D8D8DF0}.Release|x64.Build.0 = Release|Any CPU
		{31CCE382-045D-4993-9196-42E51D8D8DF0}.Release|x86.ActiveCfg = Release|Any CPU
		{31CCE382-045D-4993-9196-42E51D8D8DF0}.Release|x86.Build.0 = Release|Any CPU
		{4F006649-50F2-4111-B9B4-E8513A3810F1}.Debug|Any CPU.ActiveCfg = Debug|Any CPU
		{4F006649-50F2-4111-B9B4-E8513A3810F1}.Debug|Any CPU.Build.0 = Debug|Any CPU
		{4F006649-50F2-4111-B9B4-E8513A3810F1}.Debug|x64.ActiveCfg = Debug|Any CPU
		{4F006649-50F2-4111-B9B4-E8513A3810F1}.Debug|x64.Build.0 = Debug|Any CPU
		{4F006649-50F2-4111-B9B4-E8513A3810F1}.Debug|x86.ActiveCfg = Debug|Any CPU
		{4F006649-50F2-4111-B9B4-E8513A3810F1}.Debug|x86.Build.0 = Debug|Any CPU
		{4F006649-50F2-4111-B9B4-E8513A3810F1}.Release|Any CPU.ActiveCfg = Release|Any CPU
		{4F006649-50F2-4111-B9B4-E8513A3810F1}.Release|Any CPU.Build.0 = Release|Any CPU
		{4F006649-50F2-4111-B9B4-E8513A3810F1}.Release|x64.ActiveCfg = Release|Any CPU
		{4F006649-50F2-4111-B9B4-E8513A3810F1}.Release|x64.Build.0 = Release|Any CPU
		{4F006649-50F2-4111-B9B4-E8513A3810F1}.Release|x86.ActiveCfg = Release|Any CPU
		{4F006649-50F2-4111-B9B4-E8513A3810F1}.Release|x86.Build.0 = Release|Any CPU
		{67689AC0-E884-4EDC-9F99-4BF262561E41}.Debug|Any CPU.ActiveCfg = Debug|Any CPU
		{67689AC0-E884-4EDC-9F99-4BF262561E41}.Debug|Any CPU.Build.0 = Debug|Any CPU
		{67689AC0-E884-4EDC-9F99-4BF262561E41}.Debug|x64.ActiveCfg = Debug|Any CPU
		{67689AC0-E884-4EDC-9F99-4BF262561E41}.Debug|x64.Build.0 = Debug|Any CPU
		{67689AC0-E884-4EDC-9F99-4BF262561E41}.Debug|x86.ActiveCfg = Debug|Any CPU
		{67689AC0-E884-4EDC-9F99-4BF262561E41}.Debug|x86.Build.0 = Debug|Any CPU
		{67689AC0-E884-4EDC-9F99-4BF262561E41}.Release|Any CPU.ActiveCfg = Release|Any CPU
		{67689AC0-E884-4EDC-9F99-4BF262561E41}.Release|Any CPU.Build.0 = Release|Any CPU
		{67689AC0-E884-4EDC-9F99-4BF262561E41}.Release|x64.ActiveCfg = Release|Any CPU
		{67689AC0-E884-4EDC-9F99-4BF262561E41}.Release|x64.Build.0 = Release|Any CPU
		{67689AC0-E884-4EDC-9F99-4BF262561E41}.Release|x86.ActiveCfg = Release|Any CPU
		{67689AC0-E884-4EDC-9F99-4BF262561E41}.Release|x86.Build.0 = Release|Any CPU
		{B7EDCA6F-54F0-4C56-844D-5685D1FCB49B}.Debug|Any CPU.ActiveCfg = Debug|Any CPU
		{B7EDCA6F-54F0-4C56-844D-5685D1FCB49B}.Debug|Any CPU.Build.0 = Debug|Any CPU
		{B7EDCA6F-54F0-4C56-844D-5685D1FCB49B}.Debug|x64.ActiveCfg = Debug|Any CPU
		{B7EDCA6F-54F0-4C56-844D-5685D1FCB49B}.Debug|x64.Build.0 = Debug|Any CPU
		{B7EDCA6F-54F0-4C56-844D-5685D1FCB49B}.Debug|x86.ActiveCfg = Debug|Any CPU
		{B7EDCA6F-54F0-4C56-844D-5685D1FCB49B}.Debug|x86.Build.0 = Debug|Any CPU
		{B7EDCA6F-54F0-4C56-844D-5685D1FCB49B}.Release|Any CPU.ActiveCfg = Release|Any CPU
		{B7EDCA6F-54F0-4C56-844D-5685D1FCB49B}.Release|Any CPU.Build.0 = Release|Any CPU
		{B7EDCA6F-54F0-4C56-844D-5685D1FCB49B}.Release|x64.ActiveCfg = Release|Any CPU
		{B7EDCA6F-54F0-4C56-844D-5685D1FCB49B}.Release|x64.Build.0 = Release|Any CPU
		{B7EDCA6F-54F0-4C56-844D-5685D1FCB49B}.Release|x86.ActiveCfg = Release|Any CPU
		{B7EDCA6F-54F0-4C56-844D-5685D1FCB49B}.Release|x86.Build.0 = Release|Any CPU
	EndGlobalSection
	GlobalSection(SolutionProperties) = preSolution
		HideSolutionNode = FALSE
	EndGlobalSection
EndGlobal
